
Microsoft Visual Studio Solution File, Format Version 12.00
# Visual Studio Version 16
VisualStudioVersion = 16.0.29920.165
MinimumVisualStudioVersion = 10.0.40219.1
Project("{FAE04EC0-301F-11D3-BF4B-00C04F79EFBC}") = "GoldenIce", "GoldenIce\GoldenIce.csproj", "{57DED6AF-17B4-4476-B7E0-61E760D64E47}"
EndProject
Global
	GlobalSection(SolutionConfigurationPlatforms) = preSolution
		Debug|Any CPU = Debug|Any CPU
		Release|Any CPU = Release|Any CPU
	EndGlobalSection
	GlobalSection(ProjectConfigurationPlatforms) = postSolution
		{57DED6AF-17B4-4476-B7E0-61E760D64E47}.Debug|Any CPU.ActiveCfg = Debug|Any CPU
		{57DED6AF-17B4-4476-B7E0-61E760D64E47}.Debug|Any CPU.Build.0 = Debug|Any CPU
		{57DED6AF-17B4-4476-B7E0-61E760D64E47}.Release|Any CPU.ActiveCfg = Release|Any CPU
		{57DED6AF-17B4-4476-B7E0-61E760D64E47}.Release|Any CPU.Build.0 = Release|Any CPU
	EndGlobalSection
	GlobalSection(SolutionProperties) = preSolution
		HideSolutionNode = FALSE
	EndGlobalSection
	GlobalSection(ExtensibilityGlobals) = postSolution
		SolutionGuid = {98F56309-1ACE-41F7-A4A8-DB22CC5DD4D9}
	EndGlobalSection
EndGlobal
